
Microsoft Visual Studio Solution File, Format Version 12.00
# Visual Studio Version 16
VisualStudioVersion = 16.0.31702.278
MinimumVisualStudioVersion = 10.0.40219.1
Project("{FAE04EC0-301F-11D3-BF4B-00C04F79EFBC}") = "kurs", "kurs\kurs.csproj", "{5E12F4A4-DB5A-46CD-891B-E30BDC4D499C}"
EndProject
Global
	GlobalSection(SolutionConfigurationPlatforms) = preSolution
		Debug|Any CPU = Debug|Any CPU
		Release|Any CPU = Release|Any CPU
	EndGlobalSection
	GlobalSection(ProjectConfigurationPlatforms) = postSolution
		{5E12F4A4-DB5A-46CD-891B-E30BDC4D499C}.Debug|Any CPU.ActiveCfg = Debug|Any CPU
		{5E12F4A4-DB5A-46CD-891B-E30BDC4D499C}.Debug|Any CPU.Build.0 = Debug|Any CPU
		{5E12F4A4-DB5A-46CD-891B-E30BDC4D499C}.Release|Any CPU.ActiveCfg = Release|Any CPU
		{5E12F4A4-DB5A-46CD-891B-E30BDC4D499C}.Release|Any CPU.Build.0 = Release|Any CPU
	EndGlobalSection
	GlobalSection(SolutionProperties) = preSolution
		HideSolutionNode = FALSE
	EndGlobalSection
	GlobalSection(ExtensibilityGlobals) = postSolution
		SolutionGuid = {8A630516-044E-49EB-B140-54B68C7DD129}
	EndGlobalSection
EndGlobal
